
Microsoft Visual Studio Solution File, Format Version 12.00
# Visual Studio Version 17
VisualStudioVersion = 17.4.33110.190
MinimumVisualStudioVersion = 10.0.40219.1
Project("{FAE04EC0-301F-11D3-BF4B-00C04F79EFBC}") = "IODemo", "IODemo\IODemo.csproj", "{919928EB-33EA-46D0-9A86-A88964D1D572}"
EndProject
Global
	GlobalSection(SolutionConfigurationPlatforms) = preSolution
		Debug|Any CPU = Debug|Any CPU
		Release|Any CPU = Release|Any CPU
	EndGlobalSection
	GlobalSection(ProjectConfigurationPlatforms) = postSolution
		{919928EB-33EA-46D0-9A86-A88964D1D572}.Debug|Any CPU.ActiveCfg = Debug|Any CPU
		{919928EB-33EA-46D0-9A86-A88964D1D572}.Debug|Any CPU.Build.0 = Debug|Any CPU
		{919928EB-33EA-46D0-9A86-A88964D1D572}.Release|Any CPU.ActiveCfg = Release|Any CPU
		{919928EB-33EA-46D0-9A86-A88964D1D572}.Release|Any CPU.Build.0 = Release|Any CPU
	EndGlobalSection
	GlobalSection(SolutionProperties) = preSolution
		HideSolutionNode = FALSE
	EndGlobalSection
	GlobalSection(ExtensibilityGlobals) = postSolution
		SolutionGuid = {7B52712A-C492-46D1-8EAB-2E3FAAE53C04}
	EndGlobalSection
EndGlobal
